
Microsoft Visual Studio Solution File, Format Version 12.00
# Visual Studio Version 16
VisualStudioVersion = 16.0.29306.81
MinimumVisualStudioVersion = 10.0.40219.1
Project("{FAE04EC0-301F-11D3-BF4B-00C04F79EFBC}") = "TiPIES", "TiPIES\TiPIES.csproj", "{9A923EFB-F909-45FC-B433-FE86EEFC0BF2}"
EndProject
Global
	GlobalSection(SolutionConfigurationPlatforms) = preSolution
		Debug|Any CPU = Debug|Any CPU
		Release|Any CPU = Release|Any CPU
	EndGlobalSection
	GlobalSection(ProjectConfigurationPlatforms) = postSolution
		{9A923EFB-F909-45FC-B433-FE86EEFC0BF2}.Debug|Any CPU.ActiveCfg = Debug|Any CPU
		{9A923EFB-F909-45FC-B433-FE86EEFC0BF2}.Debug|Any CPU.Build.0 = Debug|Any CPU
		{9A923EFB-F909-45FC-B433-FE86EEFC0BF2}.Release|Any CPU.ActiveCfg = Release|Any CPU
		{9A923EFB-F909-45FC-B433-FE86EEFC0BF2}.Release|Any CPU.Build.0 = Release|Any CPU
	EndGlobalSection
	GlobalSection(SolutionProperties) = preSolution
		HideSolutionNode = FALSE
	EndGlobalSection
	GlobalSection(ExtensibilityGlobals) = postSolution
		SolutionGuid = {383FF766-7DB3-4FDA-A11E-A963F8AC9E11}
	EndGlobalSection
EndGlobal
